
Microsoft Visual Studio Solution File, Format Version 12.00
# Visual Studio 2013
VisualStudioVersion = 12.0.40629.0
MinimumVisualStudioVersion = 10.0.40219.1
Project("{FAE04EC0-301F-11D3-BF4B-00C04F79EFBC}") = "yixiupige", "yixiupige\yixiupige.csproj", "{22A55254-8C2B-4F65-A22A-7A0549877F64}"
EndProject
Project("{FAE04EC0-301F-11D3-BF4B-00C04F79EFBC}") = "MODEL", "MODEL\MODEL.csproj", "{302FA470-2512-4F1B-B463-4061E4370F18}"
EndProject
Project("{FAE04EC0-301F-11D3-BF4B-00C04F79EFBC}") = "BLL", "BLL\BLL.csproj", "{DDF3CA34-3B59-46C6-98F0-B09F74E5EB84}"
EndProject
Project("{FAE04EC0-301F-11D3-BF4B-00C04F79EFBC}") = "DAL", "DAL\DAL.csproj", "{2C00D49E-45A3-47E5-AE82-90F207D82BAF}"
EndProject
Project("{FAE04EC0-301F-11D3-BF4B-00C04F79EFBC}") = "Commond", "Commond\Commond.csproj", "{9D4B158D-1D46-4930-9685-708071EA440B}"
EndProject
Project("{6141683F-8A12-4E36-9623-2EB02B2C2303}") = "Install", "Install\Install.isproj", "{CEF77554-594A-4041-8CE9-22584232AA43}"
	ProjectSection(ProjectDependencies) = postProject
		{22A55254-8C2B-4F65-A22A-7A0549877F64} = {22A55254-8C2B-4F65-A22A-7A0549877F64}
	EndProjectSection
EndProject
Project("{FAE04EC0-301F-11D3-BF4B-00C04F79EFBC}") = "sample", "sample\sample.csproj", "{A416996D-43CA-4DB1-B5A8-536B8AD42582}"
EndProject
Global
	GlobalSection(SolutionConfigurationPlatforms) = preSolution
		CD_ROM|Any CPU = CD_ROM|Any CPU
		Debug|Any CPU = Debug|Any CPU
		DVD-5|Any CPU = DVD-5|Any CPU
		Release|Any CPU = Release|Any CPU
		SingleImage|Any CPU = SingleImage|Any CPU
	EndGlobalSection
	GlobalSection(ProjectConfigurationPlatforms) = postSolution
		{22A55254-8C2B-4F65-A22A-7A0549877F64}.CD_ROM|Any CPU.ActiveCfg = Release|Any CPU
		{22A55254-8C2B-4F65-A22A-7A0549877F64}.CD_ROM|Any CPU.Build.0 = Release|Any CPU
		{22A55254-8C2B-4F65-A22A-7A0549877F64}.Debug|Any CPU.ActiveCfg = Debug|Any CPU
		{22A55254-8C2B-4F65-A22A-7A0549877F64}.Debug|Any CPU.Build.0 = Debug|Any CPU
		{22A55254-8C2B-4F65-A22A-7A0549877F64}.DVD-5|Any CPU.ActiveCfg = Debug|Any CPU
		{22A55254-8C2B-4F65-A22A-7A0549877F64}.DVD-5|Any CPU.Build.0 = Debug|Any CPU
		{22A55254-8C2B-4F65-A22A-7A0549877F64}.Release|Any CPU.ActiveCfg = Release|Any CPU
		{22A55254-8C2B-4F65-A22A-7A0549877F64}.Release|Any CPU.Build.0 = Release|Any CPU
		{22A55254-8C2B-4F65-A22A-7A0549877F64}.SingleImage|Any CPU.ActiveCfg = Release|Any CPU
		{22A55254-8C2B-4F65-A22A-7A0549877F64}.SingleImage|Any CPU.Build.0 = Release|Any CPU
		{302FA470-2512-4F1B-B463-4061E4370F18}.CD_ROM|Any CPU.ActiveCfg = Release|Any CPU
		{302FA470-2512-4F1B-B463-4061E4370F18}.CD_ROM|Any CPU.Build.0 = Release|Any CPU
		{302FA470-2512-4F1B-B463-4061E4370F18}.Debug|Any CPU.ActiveCfg = Debug|Any CPU
		{302FA470-2512-4F1B-B463-4061E4370F18}.Debug|Any CPU.Build.0 = Debug|Any CPU
		{302FA470-2512-4F1B-B463-4061E4370F18}.DVD-5|Any CPU.ActiveCfg = Debug|Any CPU
		{302FA470-2512-4F1B-B463-4061E4370F18}.DVD-5|Any CPU.Build.0 = Debug|Any CPU
		{302FA470-2512-4F1B-B463-4061E4370F18}.Release|Any CPU.ActiveCfg = Release|Any CPU
		{302FA470-2512-4F1B-B463-4061E4370F18}.Release|Any CPU.Build.0 = Release|Any CPU
		{302FA470-2512-4F1B-B463-4061E4370F18}.SingleImage|Any CPU.ActiveCfg = Release|Any CPU
		{302FA470-2512-4F1B-B463-4061E4370F18}.SingleImage|Any CPU.Build.0 = Release|Any CPU
		{DDF3CA34-3B59-46C6-98F0-B09F74E5EB84}.CD_ROM|Any CPU.ActiveCfg = Release|Any CPU
		{DDF3CA34-3B59-46C6-98F0-B09F74E5EB84}.CD_ROM|Any CPU.Build.0 = Release|Any CPU
		{DDF3CA34-3B59-46C6-98F0-B09F74E5EB84}.Debug|Any CPU.ActiveCfg = Debug|Any CPU
		{DDF3CA34-3B59-46C6-98F0-B09F74E5EB84}.Debug|Any CPU.Build.0 = Debug|Any CPU
		{DDF3CA34-3B59-46C6-98F0-B09F74E5EB84}.DVD-5|Any CPU.ActiveCfg = Debug|Any CPU
		{DDF3CA34-3B59-46C6-98F0-B09F74E5EB84}.DVD-5|Any CPU.Build.0 = Debug|Any CPU
		{DDF3CA34-3B59-46C6-98F0-B09F74E5EB84}.Release|Any CPU.ActiveCfg = Release|Any CPU
		{DDF3CA34-3B59-46C6-98F0-B09F74E5EB84}.Release|Any CPU.Build.0 = Release|Any CPU
		{DDF3CA34-3B59-46C6-98F0-B09F74E5EB84}.SingleImage|Any CPU.ActiveCfg = Release|Any CPU
		{DDF3CA34-3B59-46C6-98F0-B09F74E5EB84}.SingleImage|Any CPU.Build.0 = Release|Any CPU
		{2C00D49E-45A3-47E5-AE82-90F207D82BAF}.CD_ROM|Any CPU.ActiveCfg = Release|Any CPU
		{2C00D49E-45A3-47E5-AE82-90F207D82BAF}.CD_ROM|Any CPU.Build.0 = Release|Any CPU
		{2C00D49E-45A3-47E5-AE82-90F207D82BAF}.Debug|Any CPU.ActiveCfg = Debug|Any CPU
		{2C00D49E-45A3-47E5-AE82-90F207D82BAF}.Debug|Any CPU.Build.0 = Debug|Any CPU
		{2C00D49E-45A3-47E5-AE82-90F207D82BAF}.DVD-5|Any CPU.ActiveCfg = Debug|Any CPU
		{2C00D49E-45A3-47E5-AE82-90F207D82BAF}.DVD-5|Any CPU.Build.0 = Debug|Any CPU
		{2C00D49E-45A3-47E5-AE82-90F207D82BAF}.Release|Any CPU.ActiveCfg = Release|Any CPU
		{2C00D49E-45A3-47E5-AE82-90F207D82BAF}.Release|Any CPU.Build.0 = Release|Any CPU
		{2C00D49E-45A3-47E5-AE82-90F207D82BAF}.SingleImage|Any CPU.ActiveCfg = Release|Any CPU
		{2C00D49E-45A3-47E5-AE82-90F207D82BAF}.SingleImage|Any CPU.Build.0 = Release|Any CPU
		{9D4B158D-1D46-4930-9685-708071EA440B}.CD_ROM|Any CPU.ActiveCfg = Release|Any CPU
		{9D4B158D-1D46-4930-9685-708071EA440B}.CD_ROM|Any CPU.Build.0 = Release|Any CPU
		{9D4B158D-1D46-4930-9685-708071EA440B}.Debug|Any CPU.ActiveCfg = Debug|Any CPU
		{9D4B158D-1D46-4930-9685-708071EA440B}.Debug|Any CPU.Build.0 = Debug|Any CPU
		{9D4B158D-1D46-4930-9685-708071EA440B}.DVD-5|Any CPU.ActiveCfg = Debug|Any CPU
		{9D4B158D-1D46-4930-9685-708071EA440B}.DVD-5|Any CPU.Build.0 = Debug|Any CPU
		{9D4B158D-1D46-4930-9685-708071EA440B}.Release|Any CPU.ActiveCfg = Release|Any CPU
		{9D4B158D-1D46-4930-9685-708071EA440B}.Release|Any CPU.Build.0 = Release|Any CPU
		{9D4B158D-1D46-4930-9685-708071EA440B}.SingleImage|Any CPU.ActiveCfg = Release|Any CPU
		{9D4B158D-1D46-4930-9685-708071EA440B}.SingleImage|Any CPU.Build.0 = Release|Any CPU
		{CEF77554-594A-4041-8CE9-22584232AA43}.CD_ROM|Any CPU.ActiveCfg = CD_ROM
		{CEF77554-594A-4041-8CE9-22584232AA43}.CD_ROM|Any CPU.Build.0 = CD_ROM
		{CEF77554-594A-4041-8CE9-22584232AA43}.Debug|Any CPU.ActiveCfg = DVD-5
		{CEF77554-594A-4041-8CE9-22584232AA43}.Debug|Any CPU.Build.0 = DVD-5
		{CEF77554-594A-4041-8CE9-22584232AA43}.DVD-5|Any CPU.ActiveCfg = DVD-5
		{CEF77554-594A-4041-8CE9-22584232AA43}.DVD-5|Any CPU.Build.0 = DVD-5
		{CEF77554-594A-4041-8CE9-22584232AA43}.Release|Any CPU.ActiveCfg = SingleImage
		{CEF77554-594A-4041-8CE9-22584232AA43}.Release|Any CPU.Build.0 = SingleImage
		{CEF77554-594A-4041-8CE9-22584232AA43}.SingleImage|Any CPU.ActiveCfg = SingleImage
		{CEF77554-594A-4041-8CE9-22584232AA43}.SingleImage|Any CPU.Build.0 = SingleImage
		{A416996D-43CA-4DB1-B5A8-536B8AD42582}.CD_ROM|Any CPU.ActiveCfg = Release|Any CPU
		{A416996D-43CA-4DB1-B5A8-536B8AD42582}.CD_ROM|Any CPU.Build.0 = Release|Any CPU
		{A416996D-43CA-4DB1-B5A8-536B8AD42582}.Debug|Any CPU.ActiveCfg = Debug|Any CPU
		{A416996D-43CA-4DB1-B5A8-536B8AD42582}.Debug|Any CPU.Build.0 = Debug|Any CPU
		{A416996D-43CA-4DB1-B5A8-536B8AD42582}.DVD-5|Any CPU.ActiveCfg = Debug|Any CPU
		{A416996D-43CA-4DB1-B5A8-536B8AD42582}.DVD-5|Any CPU.Build.0 = Debug|Any CPU
		{A416996D-43CA-4DB1-B5A8-536B8AD42582}.Release|Any CPU.ActiveCfg = Release|Any CPU
		{A416996D-43CA-4DB1-B5A8-536B8AD42582}.Release|Any CPU.Build.0 = Release|Any CPU
		{A416996D-43CA-4DB1-B5A8-536B8AD42582}.SingleImage|Any CPU.ActiveCfg = Release|Any CPU
		{A416996D-43CA-4DB1-B5A8-536B8AD42582}.SingleImage|Any CPU.Build.0 = Release|Any CPU
	EndGlobalSection
	GlobalSection(SolutionProperties) = preSolution
		HideSolutionNode = FALSE
	EndGlobalSection
EndGlobal
